{
  "version": 4,
  "terraform_version": "1.5.7",
  "serial": 17253,
  "lineage": "00de48aa-abc1-1769-c71a-caae4c4bbba7",
  "outputs": {},
  "resources": [
    {
      "mode": "managed",
      "type": "ipam-test_ip_reservation",
      "name": "example1",
      "provider": "provider[\"terraform-example.com/ipam-test/ipam-test\"]",
      "instances": [
        {
          "index_key": 0,
          "schema_version": 0,
          "attributes": {
            "cidr": "10.0.0.0/24",
            "id": "10.0.0.253",
            "ip_address": "10.0.0.253",
            "purpose": "host",
            "tenant_name": "example_tenant_1"
          },
          "sensitive_attributes": [],
          "private": "bnVsbA=="
        },
        {
          "index_key": 1,
          "schema_version": 0,
          "attributes": {
            "cidr": "10.0.0.0/24",
            "id": "10.0.0.254",
            "ip_address": "10.0.0.254",
            "purpose": "host",
            "tenant_name": "example_tenant_1"
          },
          "sensitive_attributes": [],
          "private": "bnVsbA=="
        }
      ]
    },
    {
      "mode": "managed",
      "type": "ipam-test_ip_reservation",
      "name": "example2",
      "provider": "provider[\"terraform-example.com/ipam-test/ipam-test\"]",
      "instances": [
        {
          "index_key": 0,
          "schema_version": 0,
          "attributes": {
            "cidr": "10.0.0.0/8",
            "id": "10.0.0.2",
            "ip_address": "10.0.0.2",
            "purpose": "host",
            "tenant_name": "example_tenant_2"
          },
          "sensitive_attributes": [],
          "private": "bnVsbA=="
        },
        {
          "index_key": 1,
          "schema_version": 0,
          "attributes": {
            "cidr": "10.0.0.0/8",
            "id": "10.0.0.1",
            "ip_address": "10.0.0.1",
            "purpose": "host",
            "tenant_name": "example_tenant_2"
          },
          "sensitive_attributes": [],
          "private": "bnVsbA=="
        }
      ]
    }
  ],
  "check_results": null
}
